<?xml version="1.0" encoding="utf-8"?>
<Project ToolsVersion="4.0" xmlns="http://schemas.microsoft.com/developer/msbuild/2003">
  <ItemGroup>
    <Filter Include="src">
      <UniqueIdentifier>{4FC737F1-C7A5-4376-A066-2A32D752A2FF}</UniqueIdentifier>
      <Extensions>cpp;c;cc;cxx;def;odl;idl;hpj;bat;asm;asmx</Extensions>
    </Filter>
    <Filter Include="src\live2d">
      <UniqueIdentifier>{cb8d6505-83ec-4ebe-afac-3164c3e0dbd2}</UniqueIdentifier>
    </Filter>
    <Filter Include="src\utils">
      <UniqueIdentifier>{fbd68555-b348-43ac-8faf-e64b21320f02}</UniqueIdentifier>
    </Filter>
    <Filter Include="src\model">
      <UniqueIdentifier>{cad76093-dd61-4c4b-ad2f-35ec0ebaa91d}</UniqueIdentifier>
    </Filter>
    <Filter Include="src\LApp">
      <UniqueIdentifier>{79034ed1-2f98-4e34-9069-938984542472}</UniqueIdentifier>
    </Filter>
    <Filter Include="src\LApp\Head">
      <UniqueIdentifier>{f6d29c56-8ead-418d-9285-473d3315e918}</UniqueIdentifier>
    </Filter>
  </ItemGroup>
  <ItemGroup>
    <ClInclude Include="src\FileManager.h">
      <Filter>src\utils</Filter>
    </ClInclude>
    <ClInclude Include="src\MyLive2DAllocator.h">
      <Filter>src\utils</Filter>
    </ClInclude>
    <ClInclude Include="src\ModelSetting.h">
      <Filter>src\model</Filter>
    </ClInclude>
    <ClInclude Include="src\ModelSettingJson.h">
      <Filter>src\model</Filter>
    </ClInclude>
    <ClInclude Include="..\framework\L2DBaseModel.h">
      <Filter>src\live2d</Filter>
    </ClInclude>
    <ClInclude Include="..\framework\L2DExpressionMotion.h">
      <Filter>src\live2d</Filter>
    </ClInclude>
    <ClInclude Include="..\framework\L2DEyeBlink.h">
      <Filter>src\live2d</Filter>
    </ClInclude>
    <ClInclude Include="..\framework\L2DMatrix44.h">
      <Filter>src\live2d</Filter>
    </ClInclude>
    <ClInclude Include="..\framework\L2DModelMatrix.h">
      <Filter>src\live2d</Filter>
    </ClInclude>
    <ClInclude Include="..\framework\L2DMotionManager.h">
      <Filter>src\live2d</Filter>
    </ClInclude>
    <ClInclude Include="..\framework\L2DPhysics.h">
      <Filter>src\live2d</Filter>
    </ClInclude>
    <ClInclude Include="..\framework\L2DPose.h">
      <Filter>src\live2d</Filter>
    </ClInclude>
    <ClInclude Include="..\framework\L2DTargetPoint.h">
      <Filter>src\live2d</Filter>
    </ClInclude>
    <ClInclude Include="..\framework\L2DViewMatrix.h">
      <Filter>src\live2d</Filter>
    </ClInclude>
    <ClInclude Include="AzusaTool.h">
      <Filter>src\LApp\Head</Filter>
    </ClInclude>
    <ClInclude Include="Iconv.hpp">
      <Filter>src\LApp\Head</Filter>
    </ClInclude>
    <ClInclude Include="Included.hpp">
      <Filter>src\LApp\Head</Filter>
    </ClInclude>
    <ClInclude Include="LAppDefine.h">
      <Filter>src\LApp\Head</Filter>
    </ClInclude>
    <ClInclude Include="LAppLive2DManager.h">
      <Filter>src\LApp\Head</Filter>
    </ClInclude>
    <ClInclude Include="LAppModel.h">
      <Filter>src\LApp\Head</Filter>
    </ClInclude>
    <ClInclude Include="LAppRenderer.h">
      <Filter>src\LApp\Head</Filter>
    </ClInclude>
    <ClInclude Include="LAppSoundMananger.h">
      <Filter>src\LApp\Head</Filter>
    </ClInclude>
    <ClInclude Include="main.h">
      <Filter>src\LApp\Head</Filter>
    </ClInclude>
    <ClInclude Include="resource.h">
      <Filter>src\LApp\Head</Filter>
    </ClInclude>
  </ItemGroup>
  <ItemGroup>
    <ClCompile Include="..\framework\L2DBaseModel.cpp">
      <Filter>src\live2d</Filter>
    </ClCompile>
    <ClCompile Include="..\framework\L2DExpressionMotion.cpp">
      <Filter>src\live2d</Filter>
    </ClCompile>
    <ClCompile Include="..\framework\L2DEyeBlink.cpp">
      <Filter>src\live2d</Filter>
    </ClCompile>
    <ClCompile Include="..\framework\L2DMatrix44.cpp">
      <Filter>src\live2d</Filter>
    </ClCompile>
    <ClCompile Include="..\framework\L2DModelMatrix.cpp">
      <Filter>src\live2d</Filter>
    </ClCompile>
    <ClCompile Include="..\framework\L2DMotionManager.cpp">
      <Filter>src\live2d</Filter>
    </ClCompile>
    <ClCompile Include="..\framework\L2DPhysics.cpp">
      <Filter>src\live2d</Filter>
    </ClCompile>
    <ClCompile Include="..\framework\L2DPose.cpp">
      <Filter>src\live2d</Filter>
    </ClCompile>
    <ClCompile Include="..\framework\L2DTargetPoint.cpp">
      <Filter>src\live2d</Filter>
    </ClCompile>
    <ClCompile Include="..\framework\L2DViewMatrix.cpp">
      <Filter>src\live2d</Filter>
    </ClCompile>
    <ClCompile Include="uImageDC.cpp">
      <Filter>src\LApp</Filter>
    </ClCompile>
    <ClCompile Include="AzusaTool.cpp">
      <Filter>src\LApp</Filter>
    </ClCompile>
    <ClCompile Include="FileManager.cpp">
      <Filter>src\LApp</Filter>
    </ClCompile>
    <ClCompile Include="LAppLive2DManager.cpp">
      <Filter>src\LApp</Filter>
    </ClCompile>
    <ClCompile Include="LAppModel.cpp">
      <Filter>src\LApp</Filter>
    </ClCompile>
    <ClCompile Include="LAppRenderer.cpp">
      <Filter>src\LApp</Filter>
    </ClCompile>
    <ClCompile Include="LAppSoundMananger.cpp">
      <Filter>src\LApp</Filter>
    </ClCompile>
    <ClCompile Include="main.cpp">
      <Filter>src\LApp</Filter>
    </ClCompile>
  </ItemGroup>
</Project>